// !$*UTF8*$!
{
	archiveVersion = 1;
	classes = {
	};
	objectVersion = 50;
	objects = {

/* Begin PBXBuildFile section */
		2F48738722B0E1E700981C7A /* AppDelegate.swift in Sources */ = {isa = PBXBuildFile; fileRef = 2F48738622B0E1E700981C7A /* AppDelegate.swift */; };
		2F48738922B0E1E700981C7A /* ViewController.swift in Sources */ = {isa = PBXBuildFile; fileRef = 2F48738822B0E1E700981C7A /* ViewController.swift */; };
		2F48738C22B0E1E700981C7A /* Main.storyboard in Resources */ = {isa = PBXBuildFile; fileRef = 2F48738A22B0E1E700981C7A /* Main.storyboard */; };
		2F48738E22B0E1E800981C7A /* Assets.xcassets in Resources */ = {isa = PBXBuildFile; fileRef = 2F48738D22B0E1E800981C7A /* Assets.xcassets */; };
		2F48739122B0E1E800981C7A /* LaunchScreen.storyboard in Resources */ = {isa = PBXBuildFile; fileRef = 2F48738F22B0E1E800981C7A /* LaunchScreen.storyboard */; };
		2F48739C22B0E1E800981C7A /* DemoTests.swift in Sources */ = {isa = PBXBuildFile; fileRef = 2F48739B22B0E1E800981C7A /* DemoTests.swift */; };
		2F4873A722B0E1E800981C7A /* DemoUITests.swift in Sources */ = {isa = PBXBuildFile; fileRef = 2F4873A622B0E1E800981C7A /* DemoUITests.swift */; };
/* End PBXBuildFile section */

/* Begin PBXContainerItemProxy section */
		2F48739822B0E1E800981C7A /* PBXContainerItemProxy */ = {
			isa = PBXContainerItemProxy;
			containerPortal = 2F48737B22B0E1E600981C7A /* Project object */;
			proxyType = 1;
			remoteGlobalIDString = 2F48738222B0E1E700981C7A;
			remoteInfo = Demo;
		};
		2F4873A322B0E1E800981C7A /* PBXContainerItemProxy */ = {
			isa = PBXContainerItemProxy;
			containerPortal = 2F48737B22B0E1E600981C7A /* Project object */;
			proxyType = 1;
			remoteGlobalIDString = 2F48738222B0E1E700981C7A;
			remoteInfo = Demo;
		};
/* End PBXContainerItemProxy section */

/* Begin PBXFileReference section */
		2F48738322B0E1E700981C7A /* Demo.app */ = {isa = PBXFileReference; explicitFileType = wrapper.application; includeInIndex = 0; path = Demo.app; sourceTree = BUILT_PRODUCTS_DIR; };
		2F48738622B0E1E700981C7A /* AppDelegate.swift */ = {isa = PBXFileReference; lastKnownFileType = sourcecode.swift; path = AppDelegate.swift; sourceTree = "<group>"; };
		2F48738822B0E1E700981C7A /* ViewController.swift */ = {isa = PBXFileReference; lastKnownFileType = sourcecode.swift; path = ViewController.swift; sourceTree = "<group>"; };
		2F48738B22B0E1E700981C7A /* Base */ = {isa = PBXFileReference; lastKnownFileType = file.storyboard; name = Base; path = Base.lproj/Main.storyboard; sourceTree = "<group>"; };
		2F48738D22B0E1E800981C7A /* Assets.xcassets */ = {isa = PBXFileReference; lastKnownFileType = folder.assetcatalog; path = Assets.xcassets; sourceTree = "<group>"; };
		2F48739022B0E1E800981C7A /* Base */ = {isa = PBXFileReference; lastKnownFileType = file.storyboard; name = Base; path = Base.lproj/LaunchScreen.storyboard; sourceTree = "<group>"; };
		2F48739222B0E1E800981C7A /* Info.plist */ = {isa = PBXFileReference; lastKnownFileType = text.plist.xml; path = Info.plist; sourceTree = "<group>"; };
		2F48739722B0E1E800981C7A /* DemoTests.xctest */ = {isa = PBXFileReference; explicitFileType = wrapper.cfbundle; includeInIndex = 0; path = DemoTests.xctest; sourceTree = BUILT_PRODUCTS_DIR; };
		2F48739B22B0E1E800981C7A /* DemoTests.swift */ = {isa = PBXFileReference; lastKnownFileType = sourcecode.swift; path = DemoTests.swift; sourceTree = "<group>"; };
		2F48739D22B0E1E800981C7A /* Info.plist */ = {isa = PBXFileReference; lastKnownFileType = text.plist.xml; path = Info.plist; sourceTree = "<group>"; };
		2F4873A222B0E1E800981C7A /* DemoUITests.xctest */ = {isa = PBXFileReference; explicitFileType = wrapper.cfbundle; includeInIndex = 0; path = DemoUITests.xctest; sourceTree = BUILT_PRODUCTS_DIR; };
		2F4873A622B0E1E800981C7A /* DemoUITests.swift */ = {isa = PBXFileReference; lastKnownFileType = sourcecode.swift; path = DemoUITests.swift; sourceTree = "<group>"; };
		2F4873A822B0E1E800981C7A /* Info.plist */ = {isa = PBXFileReference; lastKnownFileType = text.plist.xml; path = Info.plist; sourceTree = "<group>"; };
/* End PBXFileReference section */

/* Begin PBXFrameworksBuildPhase section */
		2F48738022B0E1E700981C7A /* Frameworks */ = {
			isa = PBXFrameworksBuildPhase;
			buildActionMask = 2147483647;
			files = (
			);
			runOnlyForDeploymentPostprocessing = 0;
		};
		2F48739422B0E1E800981C7A /* Frameworks */ = {
			isa = PBXFrameworksBuildPhase;
			buildActionMask = 2147483647;
			files = (
			);
			runOnlyForDeploymentPostprocessing = 0;
		};
		2F48739F22B0E1E800981C7A /* Frameworks */ = {
			isa = PBXFrameworksBuildPhase;
			buildActionMask = 2147483647;
			files = (
			);
			runOnlyForDeploymentPostprocessing = 0;
		};
/* End PBXFrameworksBuildPhase section */

/* Begin PBXGroup section */
		2F48737A22B0E1E600981C7A = {
			isa = PBXGroup;
			children = (
				2F48738522B0E1E700981C7A /* Demo */,
				2F48739A22B0E1E800981C7A /* DemoTests */,
				2F4873A522B0E1E800981C7A /* DemoUITests */,
				2F48738422B0E1E700981C7A /* Products */,
			);
			sourceTree = "<group>";
		};
		2F48738422B0E1E700981C7A /* Products */ = {
			isa = PBXGroup;
			children = (
				2F48738322B0E1E700981C7A /* Demo.app */,
				2F48739722B0E1E800981C7A /* DemoTests.xctest */,
				2F4873A222B0E1E800981C7A /* DemoUITests.xctest */,
			);
			name = Products;
			sourceTree = "<group>";
		};
		2F48738522B0E1E700981C7A /* Demo */ = {
			isa = PBXGroup;
			children = (
				2F48738622B0E1E700981C7A /* AppDelegate.swift */,
				2F48738822B0E1E700981C7A /* ViewController.swift */,
				2F48738A22B0E1E700981C7A /* Main.storyboard */,
				2F48738D22B0E1E800981C7A /* Assets.xcassets */,
				2F48738F22B0E1E800981C7A /* LaunchScreen.storyboard */,
				2F48739222B0E1E800981C7A /* Info.plist */,
			);
			path = Demo;
			sourceTree = "<group>";
		};
		2F48739A22B0E1E800981C7A /* DemoTests */ = {
			isa = PBXGroup;
			children = (
				2F48739B22B0E1E800981C7A /* DemoTests.swift */,
				2F48739D22B0E1E800981C7A /* Info.plist */,
			);
			path = DemoTests;
			sourceTree = "<group>";
		};
		2F4873A522B0E1E800981C7A /* DemoUITests */ = {
			isa = PBXGroup;
			children = (
				2F4873A622B0E1E800981C7A /* DemoUITests.swift */,
				2F4873A822B0E1E800981C7A /* Info.plist */,
			);
			path = DemoUITests;
			sourceTree = "<group>";
		};
/* End PBXGroup section */

/* Begin PBXNativeTarget section */
		2F48738222B0E1E700981C7A /* Demo */ = {
			isa = PBXNativeTarget;
			buildConfigurationList = 2F4873AB22B0E1E800981C7A /* Build configuration list for PBXNativeTarget "Demo" */;
			buildPhases = (
				2F48737F22B0E1E700981C7A /* Sources */,
				2F48738022B0E1E700981C7A /* Frameworks */,
				2F48738122B0E1E700981C7A /* Resources */,
			);
			buildRules = (
			);
			dependencies = (
			);
			name = Demo;
			productName = Demo;
			productReference = 2F48738322B0E1E700981C7A /* Demo.app */;
			productType = "com.apple.product-type.application";
		};
		2F48739622B0E1E800981C7A /* DemoTests */ = {
			isa = PBXNativeTarget;
			buildConfigurationList = 2F4873AE22B0E1E800981C7A /* Build configuration list for PBXNativeTarget "DemoTests" */;
			buildPhases = (
				2F48739322B0E1E800981C7A /* Sources */,
				2F48739422B0E1E800981C7A /* Frameworks */,
				2F48739522B0E1E800981C7A /* Resources */,
			);
			buildRules = (
			);
			dependencies = (
				2F48739922B0E1E800981C7A /* PBXTargetDependency */,
			);
			name = DemoTests;
			productName = DemoTests;
			productReference = 2F48739722B0E1E800981C7A /* DemoTests.xctest */;
			productType = "com.apple.product-type.bundle.unit-test";
		};
		2F4873A122B0E1E800981C7A /* DemoUITests */ = {
			isa = PBXNativeTarget;
			buildConfigurationList = 2F4873B122B0E1E800981C7A /* Build configuration list for PBXNativeTarget "DemoUITests" */;
			buildPhases = (
				2F48739E22B0E1E800981C7A /* Sources */,
				2F48739F22B0E1E800981C7A /* Frameworks */,
				2F4873A022B0E1E800981C7A /* Resources */,
			);
			buildRules = (
			);
			dependencies = (
				2F4873A422B0E1E800981C7A /* PBXTargetDependency */,
			);
			name = DemoUITests;
			productName = DemoUITests;
			productReference = 2F4873A222B0E1E800981C7A /* DemoUITests.xctest */;
			productType = "com.apple.product-type.bundle.ui-testing";
		};
/* End PBXNativeTarget section */

/* Begin PBXProject section */
		2F48737B22B0E1E600981C7A /* Project object */ = {
			isa = PBXProject;
			attributes = {
				LastSwiftUpdateCheck = 1020;
				LastUpgradeCheck = 1020;
				ORGANIZATIONNAME = "Masayuki YAMADA";
				TargetAttributes = {
					2F48738222B0E1E700981C7A = {
						CreatedOnToolsVersion = 10.2.1;
					};
					2F48739622B0E1E800981C7A = {
						CreatedOnToolsVersion = 10.2.1;
						TestTargetID = 2F48738222B0E1E700981C7A;
					};
					2F4873A122B0E1E800981C7A = {
						CreatedOnToolsVersion = 10.2.1;
						TestTargetID = 2F48738222B0E1E700981C7A;
					};
				};
			};
			buildConfigurationList = 2F48737E22B0E1E600981C7A /* Build configuration list for PBXProject "Demo" */;
			compatibilityVersion = "Xcode 9.3";
			developmentRegion = en;
			hasScannedForEncodings = 0;
			knownRegions = (
				en,
				Base,
			);
			mainGroup = 2F48737A22B0E1E600981C7A;
			productRefGroup = 2F48738422B0E1E700981C7A /* Products */;
			projectDirPath = "";
			projectRoot = "";
			targets = (
				2F48738222B0E1E700981C7A /* Demo */,
				2F48739622B0E1E800981C7A /* DemoTests */,
				2F4873A122B0E1E800981C7A /* DemoUITests */,
			);
		};
/* End PBXProject section */

/* Begin PBXResourcesBuildPhase section */
		2F48738122B0E1E700981C7A /* Resources */ = {
			isa = PBXResourcesBuildPhase;
			buildActionMask = 2147483647;
			files = (
				2F48739122B0E1E800981C7A /* LaunchScreen.storyboard in Resources */,
				2F48738E22B0E1E800981C7A /* Assets.xcassets in Resources */,
				2F48738C22B0E1E700981C7A /* Main.storyboard in Resources */,
			);
			runOnlyForDeploymentPostprocessing = 0;
		};
		2F48739522B0E1E800981C7A /* Resources */ = {
			isa = PBXResourcesBuildPhase;
			buildActionMask = 2147483647;
			files = (
			);
			runOnlyForDeploymentPostprocessing = 0;
		};
		2F4873A022B0E1E800981C7A /* Resources */ = {
			isa = PBXResourcesBuildPhase;
			buildActionMask = 2147483647;
			files = (
			);
			runOnlyForDeploymentPostprocessing = 0;
		};
/* End PBXResourcesBuildPhase section */

/* Begin PBXSourcesBuildPhase section */
		2F48737F22B0E1E700981C7A /* Sources */ = {
			isa = PBXSourcesBuildPhase;
			buildActionMask = 2147483647;
			files = (
				2F48738922B0E1E700981C7A /* ViewController.swift in Sources */,
				2F48738722B0E1E700981C7A /* AppDelegate.swift in Sources */,
			);
			runOnlyForDeploymentPostprocessing = 0;
		};
		2F48739322B0E1E800981C7A /* Sources */ = {
			isa = PBXSourcesBuildPhase;
			buildActionMask = 2147483647;
			files = (
				2F48739C22B0E1E800981C7A /* DemoTests.swift in Sources */,
			);
			runOnlyForDeploymentPostprocessing = 0;
		};
		2F48739E22B0E1E800981C7A /* Sources */ = {
			isa = PBXSourcesBuildPhase;
			buildActionMask = 2147483647;
			files = (
				2F4873A722B0E1E800981C7A /* DemoUITests.swift in Sources */,
			);
			runOnlyForDeploymentPostprocessing = 0;
		};
/* End PBXSourcesBuildPhase section */

/* Begin PBXTargetDependency section */
		2F48739922B0E1E800981C7A /* PBXTargetDependency */ = {
			isa = PBXTargetDependency;
			target = 2F48738222B0E1E700981C7A /* Demo */;
			targetProxy = 2F48739822B0E1E800981C7A /* PBXContainerItemProxy */;
		};
		2F4873A422B0E1E800981C7A /* PBXTargetDependency */ = {
			isa = PBXTargetDependency;
			target = 2F48738222B0E1E700981C7A /* Demo */;
			targetProxy = 2F4873A322B0E1E800981C7A /* PBXContainerItemProxy */;
		};
/* End PBXTargetDependency section */

/* Begin PBXVariantGroup section */
		2F48738A22B0E1E700981C7A /* Main.storyboard */ = {
			isa = PBXVariantGroup;
			children = (
				2F48738B22B0E1E700981C7A /* Base */,
			);
			name = Main.storyboard;
			sourceTree = "<group>";
		};
		2F48738F22B0E1E800981C7A /* LaunchScreen.storyboard */ = {
			isa = PBXVariantGroup;
			children = (
				2F48739022B0E1E800981C7A /* Base */,
			);
			name = LaunchScreen.storyboard;
			sourceTree = "<group>";
		};
/* End PBXVariantGroup section */

/* Begin XCBuildConfiguration section */
		2F4873A922B0E1E800981C7A /* Debug */ = {
			isa = XCBuildConfiguration;
			buildSettings = {
				ALWAYS_SEARCH_USER_PATHS = NO;
				CLANG_ANALYZER_NONNULL = YES;
				CLANG_ANALYZER_NUMBER_OBJECT_CONVERSION = YES_AGGRESSIVE;
				CLANG_CXX_LANGUAGE_STANDARD = "gnu++14";
				CLANG_CXX_LIBRARY = "libc++";
				CLANG_ENABLE_MODULES = YES;
				CLANG_ENABLE_OBJC_ARC = YES;
				CLANG_ENABLE_OBJC_WEAK = YES;
				CLANG_WARN_BLOCK_CAPTURE_AUTORELEASING = YES;
				CLANG_WARN_BOOL_CONVERSION = YES;
				CLANG_WARN_COMMA = YES;
				CLANG_WARN_CONSTANT_CONVERSION = YES;
				CLANG_WARN_DEPRECATED_OBJC_IMPLEMENTATIONS = YES;
				CLANG_WARN_DIRECT_OBJC_ISA_USAGE = YES_ERROR;
				CLANG_WARN_DOCUMENTATION_COMMENTS = YES;
				CLANG_WARN_EMPTY_BODY = YES;
				CLANG_WARN_ENUM_CONVERSION = YES;
				CLANG_WARN_INFINITE_RECURSION = YES;
				CLANG_WARN_INT_CONVERSION = YES;
				CLANG_WARN_NON_LITERAL_NULL_CONVERSION = YES;
				CLANG_WARN_OBJC_IMPLICIT_RETAIN_SELF = YES;
				CLANG_WARN_OBJC_LITERAL_CONVERSION = YES;
				CLANG_WARN_OBJC_ROOT_CLASS = YES_ERROR;
				CLANG_WARN_RANGE_LOOP_ANALYSIS = YES;
				CLANG_WARN_STRICT_PROTOTYPES = YES;
				CLANG_WARN_SUSPICIOUS_MOVE = YES;
				CLANG_WARN_UNGUARDED_AVAILABILITY = YES_AGGRESSIVE;
				CLANG_WARN_UNREACHABLE_CODE = YES;
				CLANG_WARN__DUPLICATE_METHOD_MATCH = YES;
				CODE_SIGN_IDENTITY = "iPhone Developer";
				COPY_PHASE_STRIP = NO;
				DEBUG_INFORMATION_FORMAT = dwarf;
				ENABLE_STRICT_OBJC_MSGSEND = YES;
				ENABLE_TESTABILITY = YES;
				GCC_C_LANGUAGE_STANDARD = gnu11;
				GCC_DYNAMIC_NO_PIC = NO;
				GCC_NO_COMMON_BLOCKS = YES;
				GCC_OPTIMIZATION_LEVEL = 0;
				GCC_PREPROCESSOR_DEFINITIONS = (
					"DEBUG=1",
					"$(inherited)",
				);
				GCC_WARN_64_TO_32_BIT_CONVERSION = YES;
				GCC_WARN_ABOUT_RETURN_TYPE = YES_ERROR;
				GCC_WARN_UNDECLARED_SELECTOR = YES;
				GCC_WARN_UNINITIALIZED_AUTOS = YES_AGGRESSIVE;
				GCC_WARN_UNUSED_FUNCTION = YES;
				GCC_WARN_UNUSED_VARIABLE = YES;
				IPHONEOS_DEPLOYMENT_TARGET = 12.2;
				MTL_ENABLE_DEBUG_INFO = INCLUDE_SOURCE;
				MTL_FAST_MATH = YES;
				ONLY_ACTIVE_ARCH = YES;
				SDKROOT = iphoneos;
				SWIFT_ACTIVE_COMPILATION_CONDITIONS = DEBUG;
				SWIFT_OPTIMIZATION_LEVEL = "-Onone";
			};
			name = Debug;
		};
		2F4873AA22B0E1E800981C7A /* Release */ = {
			isa = XCBuildConfiguration;
			buildSettings = {
				ALWAYS_SEARCH_USER_PATHS = NO;
				CLANG_ANALYZER_NONNULL = YES;
				CLANG_ANALYZER_NUMBER_OBJECT_CONVERSION = YES_AGGRESSIVE;
				CLANG_CXX_LANGUAGE_STANDARD = "gnu++14";
				CLANG_CXX_LIBRARY = "libc++";
				CLANG_ENABLE_MODULES = YES;
				CLANG_ENABLE_OBJC_ARC = YES;
				CLANG_ENABLE_OBJC_WEAK = YES;
				CLANG_WARN_BLOCK_CAPTURE_AUTORELEASING = YES;
				CLANG_WARN_BOOL_CONVERSION = YES;
				CLANG_WARN_COMMA = YES;
				CLANG_WARN_CONSTANT_CONVERSION = YES;
				CLANG_WARN_DEPRECATED_OBJC_IMPLEMENTATIONS = YES;
				CLANG_WARN_DIRECT_OBJC_ISA_USAGE = YES_ERROR;
				CLANG_WARN_DOCUMENTATION_COMMENTS = YES;
				CLANG_WARN_EMPTY_BODY = YES;
				CLANG_WARN_ENUM_CONVERSION = YES;
				CLANG_WARN_INFINITE_RECURSION = YES;
				CLANG_WARN_INT_CONVERSION = YES;
				CLANG_WARN_NON_LITERAL_NULL_CONVERSION = YES;
				CLANG_WARN_OBJC_IMPLICIT_RETAIN_SELF = YES;
				CLANG_WARN_OBJC_LITERAL_CONVERSION = YES;
				CLANG_WARN_OBJC_ROOT_CLASS = YES_ERROR;
				CLANG_WARN_RANGE_LOOP_ANALYSIS = YES;
				CLANG_WARN_STRICT_PROTOTYPES = YES;
				CLANG_WARN_SUSPICIOUS_MOVE = YES;
				CLANG_WARN_UNGUARDED_AVAILABILITY = YES_AGGRESSIVE;
				CLANG_WARN_UNREACHABLE_CODE = YES;
				CLANG_WARN__DUPLICATE_METHOD_MATCH = YES;
				CODE_SIGN_IDENTITY = "iPhone Developer";
				COPY_PHASE_STRIP = NO;
				DEBUG_INFORMATION_FORMAT = "dwarf-with-dsym";
				ENABLE_NS_ASSERTIONS = NO;
				ENABLE_STRICT_OBJC_MSGSEND = YES;
				GCC_C_LANGUAGE_STANDARD = gnu11;
				GCC_NO_COMMON_BLOCKS = YES;
				GCC_WARN_64_TO_32_BIT_CONVERSION = YES;
				GCC_WARN_ABOUT_RETURN_TYPE = YES_ERROR;
				GCC_WARN_UNDECLARED_SELECTOR = YES;
				GCC_WARN_UNINITIALIZED_AUTOS = YES_AGGRESSIVE;
				GCC_WARN_UNUSED_FUNCTION = YES;
				GCC_WARN_UNUSED_VARIABLE = YES;
				IPHONEOS_DEPLOYMENT_TARGET = 12.2;
				MTL_ENABLE_DEBUG_INFO = NO;
				MTL_FAST_MATH = YES;
				SDKROOT = iphoneos;
				SWIFT_COMPILATION_MODE = wholemodule;
				SWIFT_OPTIMIZATION_LEVEL = "-O";
				VALIDATE_PRODUCT = YES;
			};
			name = Release;
		};
		2F4873AC22B0E1E800981C7A /* Debug */ = {
			isa = XCBuildConfiguration;
			buildSettings = {
				ASSETCATALOG_COMPILER_APPICON_NAME = AppIcon;
				CODE_SIGN_STYLE = Automatic;
				DEVELOPMENT_TEAM = 2C9S79392Z;
				INFOPLIST_FILE = Demo/Info.plist;
				LD_RUNPATH_SEARCH_PATHS = (
					"$(inherited)",
					"@executable_path/Frameworks",
				);
				PRODUCT_BUNDLE_IDENTIFIER = masayuki.Demo;
				PRODUCT_NAME = "$(TARGET_NAME)";
				SWIFT_VERSION = 5.0;
				TARGETED_DEVICE_FAMILY = "1,2";
			};
			name = Debug;
		};
		2F4873AD22B0E1E800981C7A /* Release */ = {
			isa = XCBuildConfiguration;
			buildSettings = {
				ASSETCATALOG_COMPILER_APPICON_NAME = AppIcon;
				CODE_SIGN_STYLE = Automatic;
				DEVELOPMENT_TEAM = 2C9S79392Z;
				INFOPLIST_FILE = Demo/Info.plist;
				LD_RUNPATH_SEARCH_PATHS = (
					"$(inherited)",
					"@executable_path/Frameworks",
				);
				PRODUCT_BUNDLE_IDENTIFIER = masayuki.Demo;
				PRODUCT_NAME = "$(TARGET_NAME)";
				SWIFT_VERSION = 5.0;
				TARGETED_DEVICE_FAMILY = "1,2";
			};
			name = Release;
		};
		2F4873AF22B0E1E800981C7A /* Debug */ = {
			isa = XCBuildConfiguration;
			buildSettings = {
				ALWAYS_EMBED_SWIFT_STANDARD_LIBRARIES = YES;
				BUNDLE_LOADER = "$(TEST_HOST)";
				CODE_SIGN_STYLE = Automatic;
				DEVELOPMENT_TEAM = 2C9S79392Z;
				INFOPLIST_FILE = DemoTests/Info.plist;
				LD_RUNPATH_SEARCH_PATHS = (
					"$(inherited)",
					"@executable_path/Frameworks",
					"@loader_path/Frameworks",
				);
				PRODUCT_BUNDLE_IDENTIFIER = masayuki.DemoTests;
				PRODUCT_NAME = "$(TARGET_NAME)";
				SWIFT_VERSION = 5.0;
				TARGETED_DEVICE_FAMILY = "1,2";
				TEST_HOST = "$(BUILT_PRODUCTS_DIR)/Demo.app/Demo";
			};
			name = Debug;
		};
		2F4873B022B0E1E800981C7A /* Release */ = {
			isa = XCBuildConfiguration;
			buildSettings = {
				ALWAYS_EMBED_SWIFT_STANDARD_LIBRARIES = YES;
				BUNDLE_LOADER = "$(TEST_HOST)";
				CODE_SIGN_STYLE = Automatic;
				DEVELOPMENT_TEAM = 2C9S79392Z;
				INFOPLIST_FILE = DemoTests/Info.plist;
				LD_RUNPATH_SEARCH_PATHS = (
					"$(inherited)",
					"@executable_path/Frameworks",
					"@loader_path/Frameworks",
				);
				PRODUCT_BUNDLE_IDENTIFIER = masayuki.DemoTests;
				PRODUCT_NAME = "$(TARGET_NAME)";
				SWIFT_VERSION = 5.0;
				TARGETED_DEVICE_FAMILY = "1,2";
				TEST_HOST = "$(BUILT_PRODUCTS_DIR)/Demo.app/Demo";
			};
			name = Release;
		};
		2F4873B222B0E1E800981C7A /* Debug */ = {
			isa = XCBuildConfiguration;
			buildSettings = {
				ALWAYS_EMBED_SWIFT_STANDARD_LIBRARIES = YES;
				CODE_SIGN_STYLE = Automatic;
				DEVELOPMENT_TEAM = 2C9S79392Z;
				INFOPLIST_FILE = DemoUITests/Info.plist;
				LD_RUNPATH_SEARCH_PATHS = (
					"$(inherited)",
					"@executable_path/Frameworks",
					"@loader_path/Frameworks",
				);
				PRODUCT_BUNDLE_IDENTIFIER = masayuki.DemoUITests;
				PRODUCT_NAME = "$(TARGET_NAME)";
				SWIFT_VERSION = 5.0;
				TARGETED_DEVICE_FAMILY = "1,2";
				TEST_TARGET_NAME = Demo;
			};
			name = Debug;
		};
		2F4873B322B0E1E800981C7A /* Release */ = {
			isa = XCBuildConfiguration;
			buildSettings = {
				ALWAYS_EMBED_SWIFT_STANDARD_LIBRARIES = YES;
				CODE_SIGN_STYLE = Automatic;
				DEVELOPMENT_TEAM = 2C9S79392Z;
				INFOPLIST_FILE = DemoUITests/Info.plist;
				LD_RUNPATH_SEARCH_PATHS = (
					"$(inherited)",
					"@executable_path/Frameworks",
					"@loader_path/Frameworks",
				);
				PRODUCT_BUNDLE_IDENTIFIER = masayuki.DemoUITests;
				PRODUCT_NAME = "$(TARGET_NAME)";
				SWIFT_VERSION = 5.0;
				TARGETED_DEVICE_FAMILY = "1,2";
				TEST_TARGET_NAME = Demo;
			};
			name = Release;
		};
/* End XCBuildConfiguration section */

/* Begin XCConfigurationList section */
		2F48737E22B0E1E600981C7A /* Build configuration list for PBXProject "Demo" */ = {
			isa = XCConfigurationList;
			buildConfigurations = (
				2F4873A922B0E1E800981C7A /* Debug */,
				2F4873AA22B0E1E800981C7A /* Release */,
			);
			defaultConfigurationIsVisible = 0;
			defaultConfigurationName = Release;
		};
		2F4873AB22B0E1E800981C7A /* Build configuration list for PBXNativeTarget "Demo" */ = {
			isa = XCConfigurationList;
			buildConfigurations = (
				2F4873AC22B0E1E800981C7A /* Debug */,
				2F4873AD22B0E1E800981C7A /* Release */,
			);
			defaultConfigurationIsVisible = 0;
			defaultConfigurationName = Release;
		};
		2F4873AE22B0E1E800981C7A /* Build configuration list for PBXNativeTarget "DemoTests" */ = {
			isa = XCConfigurationList;
			buildConfigurations = (
				2F4873AF22B0E1E800981C7A /* Debug */,
				2F4873B022B0E1E800981C7A /* Release */,
			);
			defaultConfigurationIsVisible = 0;
			defaultConfigurationName = Release;
		};
		2F4873B122B0E1E800981C7A /* Build configuration list for PBXNativeTarget "DemoUITests" */ = {
			isa = XCConfigurationList;
			buildConfigurations = (
				2F4873B222B0E1E800981C7A /* Debug */,
				2F4873B322B0E1E800981C7A /* Release */,
			);
			defaultConfigurationIsVisible = 0;
			defaultConfigurationName = Release;
		};
/* End XCConfigurationList section */
	};
	rootObject = 2F48737B22B0E1E600981C7A /* Project object */;
}
